
Microsoft Visual Studio Solution File, Format Version 12.00
# Visual Studio Version 17
VisualStudioVersion = 17.11.35303.130
MinimumVisualStudioVersion = 10.0.40219.1
Project("{FAE04EC0-301F-11D3-BF4B-00C04F79EFBC}") = "Evoliris_GestBanque", "Evoliris_GestBanque\Evoliris_GestBanque.csproj", "{8E21BAED-B590-4058-88F2-114C342B97A5}"
EndProject
Project("{FAE04EC0-301F-11D3-BF4B-00C04F79EFBC}") = "Models", "Models\Models.csproj", "{FEAD3B5A-E557-4D57-B623-7A926887824D}"
EndProject
Global
	GlobalSection(SolutionConfigurationPlatforms) = preSolution
		Debug|Any CPU = Debug|Any CPU
		Release|Any CPU = Release|Any CPU
	EndGlobalSection
	GlobalSection(ProjectConfigurationPlatforms) = postSolution
		{8E21BAED-B590-4058-88F2-114C342B97A5}.Debug|Any CPU.ActiveCfg = Debug|Any CPU
		{8E21BAED-B590-4058-88F2-114C342B97A5}.Debug|Any CPU.Build.0 = Debug|Any CPU
		{8E21BAED-B590-4058-88F2-114C342B97A5}.Release|Any CPU.ActiveCfg = Release|Any CPU
		{8E21BAED-B590-4058-88F2-114C342B97A5}.Release|Any CPU.Build.0 = Release|Any CPU
		{FEAD3B5A-E557-4D57-B623-7A926887824D}.Debug|Any CPU.ActiveCfg = Debug|Any CPU
		{FEAD3B5A-E557-4D57-B623-7A926887824D}.Debug|Any CPU.Build.0 = Debug|Any CPU
		{FEAD3B5A-E557-4D57-B623-7A926887824D}.Release|Any CPU.ActiveCfg = Release|Any CPU
		{FEAD3B5A-E557-4D57-B623-7A926887824D}.Release|Any CPU.Build.0 = Release|Any CPU
	EndGlobalSection
	GlobalSection(SolutionProperties) = preSolution
		HideSolutionNode = FALSE
	EndGlobalSection
	GlobalSection(ExtensibilityGlobals) = postSolution
		SolutionGuid = {15BA3363-20E3-4631-B5DB-1896A1887B04}
	EndGlobalSection
EndGlobal
